{
  "name": "ai-context-os",
  "version": "2.1.0",
  "lockfileVersion": 3,
  "requires": true,
  "packages": {
    "": {
      "name": "ai-context-os",
      "version": "2.1.0",
      "license": "MIT",
      "dependencies": {
        "ai-context-os": "^2.1.0"
      },
      "bin": {
        "ai-context-os": "bin/install.js",
        "ai-context-os-audit": "bin/audit.js"
      }
    },
    "node_modules/ai-context-os": {
      "version": "2.1.0",
      "resolved": "https://registry.npmjs.org/ai-context-os/-/ai-context-os-2.1.0.tgz",
      "integrity": "sha512-6CUF3wu2UItNT25wu1hpZ1sp08GC/7iTzn95+J1YtANH2VGZIXMitAuoszWCYnRLhu0PDM0cCy8dq3bdET+Ydg==",
      "license": "MIT",
      "bin": {
        "ai-context-os": "bin/install.js",
        "ai-context-os-audit": "bin/audit.js"
      }
    }
  }
}
